{
  "name": "quarter-games.sound",
  "version": "1.0.0",
  "lockfileVersion": 3,
  "requires": true,
  "packages": {
    "": {
      "name": "quarter-games.sound",
      "version": "1.0.0",
      "license": "ISC",
      "dependencies": {
        "quarter-games.save.basic": "1.0.0"
      }
    },
    "node_modules/quarter-games.manager": {
      "version": "1.0.1",
      "resolved": "https://registry.npmjs.org/quarter-games.manager/-/quarter-games.manager-1.0.1.tgz",
      "integrity": "sha512-CTfXeziVy9bUUlvMDnnPcCmbXqkqIoTPna5RF7y6ZugH/e/tvudXYsNvEBdkeLcTgcBmWisYL3tMU8G/xI74Vw=="
    },
    "node_modules/quarter-games.save.basic": {
      "version": "1.0.0",
      "resolved": "https://registry.npmjs.org/quarter-games.save.basic/-/quarter-games.save.basic-1.0.0.tgz",
      "integrity": "sha512-Mf7YIxZwjKSUgo4G9hW6tD+lYeSJ6mJ6vUnAX3PnFGDHacNdJ9y2yNI42ELqfTWIeGo+zNCjkEfKseNkqzl6Vg==",
      "dependencies": {
        "quarter-games.manager": "1.0.1"
      }
    }
  }
}
